
Microsoft Visual Studio Solution File, Format Version 12.00
# Visual Studio 15
VisualStudioVersion = 15.0.28307.1169
MinimumVisualStudioVersion = 10.0.40219.1
Project("{FAE04EC0-301F-11D3-BF4B-00C04F79EFBC}") = "FED1StudioProject", "FED1StudioProject\FED1StudioProject.csproj", "{283943B9-D872-4393-8D78-BD5E951A2508}"
EndProject
Global
	GlobalSection(SolutionConfigurationPlatforms) = preSolution
		Debug|Any CPU = Debug|Any CPU
		Release|Any CPU = Release|Any CPU
	EndGlobalSection
	GlobalSection(ProjectConfigurationPlatforms) = postSolution
		{283943B9-D872-4393-8D78-BD5E951A2508}.Debug|Any CPU.ActiveCfg = Debug|Any CPU
		{283943B9-D872-4393-8D78-BD5E951A2508}.Debug|Any CPU.Build.0 = Debug|Any CPU
		{283943B9-D872-4393-8D78-BD5E951A2508}.Release|Any CPU.ActiveCfg = Release|Any CPU
		{283943B9-D872-4393-8D78-BD5E951A2508}.Release|Any CPU.Build.0 = Release|Any CPU
	EndGlobalSection
	GlobalSection(SolutionProperties) = preSolution
		HideSolutionNode = FALSE
	EndGlobalSection
	GlobalSection(ExtensibilityGlobals) = postSolution
		SolutionGuid = {04A488A4-910C-47ED-9D8A-25B01FEB6F1F}
	EndGlobalSection
EndGlobal
